# THIS IS AN AUTOGENERATED FILE. DO NOT EDIT THIS FILE DIRECTLY.
# yarn lockfile v1


graph-data-structure@^1.8.0:
  version "1.8.0"
  resolved "https://registry.yarnpkg.com/graph-data-structure/-/graph-data-structure-1.8.0.tgz#193b7686a21398c70680cd7d53d80af8f1fe271b"
  integrity sha512-G2Jl7JLGsq0FGBvFMfKkQEwjnk+1//ssIirR5GTQxXBbKqYZkmjDFEVcJ8H87dVpw4D8lZDJj9v9ggnHWW8M+g==
